[{<<"control">>,
  {git,"https://github.com/joq62/control.git",
       {ref,"c4789170467ad07f90eb17a0b425d38d5da08a1d"}},
  0},
 {<<"etcd">>,
  {git,"https://github.com/joq62/etcd.git",
       {ref,"0059b8e81602366220513b760dfd4040b078c26f"}},
  0},
 {<<"log">>,
  {git,"https://github.com/joq62/log.git",
       {ref,"1313e1d529471ddde6dbdcd69f45d371eea1ac02"}},
  0},
 {<<"resource_discovery">>,
  {git,"https://github.com/joq62/resource_discovery.git",
       {ref,"4b7fbdafe351e7723b2b7fe6f12c165e59d05fa6"}},
  0}].
